# THIS IS AN AUTOGENERATED FILE. DO NOT EDIT THIS FILE DIRECTLY.
# yarn lockfile v1


chromatic@^10.1.0:
  version "10.1.0"
  resolved "https://registry.yarnpkg.com/chromatic/-/chromatic-10.1.0.tgz#d82f3045c297fb9a2d752aa1322d5fdb2cd3fd78"
  integrity sha512-S+ztO8f1k/LckuzJKCqaTs6AfUQ0eLNT9kEoyCUwX7gkJnveQo5JStCfY55v30zogjRkHJpwqzEfSXl6AwO2tQ==
